
Microsoft Visual Studio Solution File, Format Version 12.00
# Visual Studio Version 17
VisualStudioVersion = 17.3.32819.101
MinimumVisualStudioVersion = 10.0.40219.1
Project("{9A19103F-16F7-4668-BE54-9A1E7A4F7556}") = "1", "1. Window\1.csproj", "{FC4C528B-7D87-4732-8BF0-9117AC2CA39B}"
EndProject
Global
	GlobalSection(SolutionConfigurationPlatforms) = preSolution
		Debug|Any CPU = Debug|Any CPU
		Release|Any CPU = Release|Any CPU
	EndGlobalSection
	GlobalSection(ProjectConfigurationPlatforms) = postSolution
		{FC4C528B-7D87-4732-8BF0-9117AC2CA39B}.Debug|Any CPU.ActiveCfg = Debug|Any CPU
		{FC4C528B-7D87-4732-8BF0-9117AC2CA39B}.Debug|Any CPU.Build.0 = Debug|Any CPU
		{FC4C528B-7D87-4732-8BF0-9117AC2CA39B}.Release|Any CPU.ActiveCfg = Release|Any CPU
		{FC4C528B-7D87-4732-8BF0-9117AC2CA39B}.Release|Any CPU.Build.0 = Release|Any CPU
	EndGlobalSection
	GlobalSection(SolutionProperties) = preSolution
		HideSolutionNode = FALSE
	EndGlobalSection
	GlobalSection(ExtensibilityGlobals) = postSolution
		SolutionGuid = {5E8DDD8B-3161-44F1-8F0A-7AAE9CE3FE4D}
	EndGlobalSection
EndGlobal
